
Microsoft Visual Studio Solution File, Format Version 12.00
# Visual Studio Version 16
VisualStudioVersion = 16.0.30114.105
MinimumVisualStudioVersion = 10.0.40219.1
Project("{FAE04EC0-301F-11D3-BF4B-00C04F79EFBC}") = "Csharp-tutorial", "Csharp-tutorial\Csharp-tutorial.csproj", "{95A6932A-B2FD-4E41-90FA-EC3BEFA03B85}"
EndProject
Global
	GlobalSection(SolutionConfigurationPlatforms) = preSolution
		Debug|Any CPU = Debug|Any CPU
		Release|Any CPU = Release|Any CPU
	EndGlobalSection
	GlobalSection(ProjectConfigurationPlatforms) = postSolution
		{95A6932A-B2FD-4E41-90FA-EC3BEFA03B85}.Debug|Any CPU.ActiveCfg = Debug|Any CPU
		{95A6932A-B2FD-4E41-90FA-EC3BEFA03B85}.Debug|Any CPU.Build.0 = Debug|Any CPU
		{95A6932A-B2FD-4E41-90FA-EC3BEFA03B85}.Release|Any CPU.ActiveCfg = Release|Any CPU
		{95A6932A-B2FD-4E41-90FA-EC3BEFA03B85}.Release|Any CPU.Build.0 = Release|Any CPU
	EndGlobalSection
	GlobalSection(SolutionProperties) = preSolution
		HideSolutionNode = FALSE
	EndGlobalSection
	GlobalSection(ExtensibilityGlobals) = postSolution
		SolutionGuid = {7016703A-64A5-4DD8-A17F-F4E6F8ECB6C9}
	EndGlobalSection
EndGlobal
